
Microsoft Visual Studio Solution File, Format Version 12.00
# Visual Studio Version 17
VisualStudioVersion = 17.3.32811.315
MinimumVisualStudioVersion = 10.0.40219.1
Project("{FAE04EC0-301F-11D3-BF4B-00C04F79EFBC}") = "DutchTreat", "DutchTreat.csproj", "{40DB69C3-A456-4834-B741-60F5D3632D4B}"
EndProject
Global
	GlobalSection(SolutionConfigurationPlatforms) = preSolution
		Debug|Any CPU = Debug|Any CPU
		Release|Any CPU = Release|Any CPU
	EndGlobalSection
	GlobalSection(ProjectConfigurationPlatforms) = postSolution
		{40DB69C3-A456-4834-B741-60F5D3632D4B}.Debug|Any CPU.ActiveCfg = Debug|Any CPU
		{40DB69C3-A456-4834-B741-60F5D3632D4B}.Debug|Any CPU.Build.0 = Debug|Any CPU
		{40DB69C3-A456-4834-B741-60F5D3632D4B}.Release|Any CPU.ActiveCfg = Release|Any CPU
		{40DB69C3-A456-4834-B741-60F5D3632D4B}.Release|Any CPU.Build.0 = Release|Any CPU
	EndGlobalSection
	GlobalSection(SolutionProperties) = preSolution
		HideSolutionNode = FALSE
	EndGlobalSection
	GlobalSection(ExtensibilityGlobals) = postSolution
		SolutionGuid = {EF9BF3A9-8E1A-416E-B0DA-458F0F185D75}
	EndGlobalSection
EndGlobal
